// !$*UTF8*$!
{
	archiveVersion = 1;
	classes = {
	};
	objectVersion = 46;
	objects = {

/* Begin PBXBuildFile section */
		6075D7521A330082004CC8CE /* AppDelegate.swift in Sources */ = {isa = PBXBuildFile; fileRef = 6075D7511A330082004CC8CE /* AppDelegate.swift */; };
		6075D7541A330082004CC8CE /* ViewController.swift in Sources */ = {isa = PBXBuildFile; fileRef = 6075D7531A330082004CC8CE /* ViewController.swift */; };
		6075D7571A330082004CC8CE /* Main.storyboard in Resources */ = {isa = PBXBuildFile; fileRef = 6075D7551A330082004CC8CE /* Main.storyboard */; };
		6075D7591A330083004CC8CE /* Images.xcassets in Resources */ = {isa = PBXBuildFile; fileRef = 6075D7581A330083004CC8CE /* Images.xcassets */; };
		6075D75C1A330083004CC8CE /* LaunchScreen.xib in Resources */ = {isa = PBXBuildFile; fileRef = 6075D75A1A330083004CC8CE /* LaunchScreen.xib */; };
		6075D7681A330083004CC8CE /* Age_of_LaikaTests.swift in Sources */ = {isa = PBXBuildFile; fileRef = 6075D7671A330083004CC8CE /* Age_of_LaikaTests.swift */; };
		6075D7721A334C61004CC8CE /* AgeOfLaika.jpg in Resources */ = {isa = PBXBuildFile; fileRef = 6075D7711A334C61004CC8CE /* AgeOfLaika.jpg */; };
/* End PBXBuildFile section */

/* Begin PBXContainerItemProxy section */
		6075D7621A330083004CC8CE /* PBXContainerItemProxy */ = {
			isa = PBXContainerItemProxy;
			containerPortal = 6075D7441A330081004CC8CE /* Project object */;
			proxyType = 1;
			remoteGlobalIDString = 6075D74B1A330082004CC8CE;
			remoteInfo = "Age of Laika";
		};
/* End PBXContainerItemProxy section */

/* Begin PBXFileReference section */
		6075D74C1A330082004CC8CE /* Age of Laika.app */ = {isa = PBXFileReference; explicitFileType = wrapper.application; includeInIndex = 0; path = "Age of Laika.app"; sourceTree = BUILT_PRODUCTS_DIR; };
		6075D7501A330082004CC8CE /* Info.plist */ = {isa = PBXFileReference; lastKnownFileType = text.plist.xml; path = Info.plist; sourceTree = "<group>"; };
		6075D7511A330082004CC8CE /* AppDelegate.swift */ = {isa = PBXFileReference; lastKnownFileType = sourcecode.swift; path = AppDelegate.swift; sourceTree = "<group>"; };
		6075D7531A330082004CC8CE /* ViewController.swift */ = {isa = PBXFileReference; lastKnownFileType = sourcecode.swift; path = ViewController.swift; sourceTree = "<group>"; };
		6075D7561A330082004CC8CE /* Base */ = {isa = PBXFileReference; lastKnownFileType = file.storyboard; name = Base; path = Base.lproj/Main.storyboard; sourceTree = "<group>"; };
		6075D7581A330083004CC8CE /* Images.xcassets */ = {isa = PBXFileReference; lastKnownFileType = folder.assetcatalog; path = Images.xcassets; sourceTree = "<group>"; };
		6075D75B1A330083004CC8CE /* Base */ = {isa = PBXFileReference; lastKnownFileType = file.xib; name = Base; path = Base.lproj/LaunchScreen.xib; sourceTree = "<group>"; };
		6075D7611A330083004CC8CE /* Age of LaikaTests.xctest */ = {isa = PBXFileReference; explicitFileType = wrapper.cfbundle; includeInIndex = 0; path = "Age of LaikaTests.xctest"; sourceTree = BUILT_PRODUCTS_DIR; };
		6075D7661A330083004CC8CE /* Info.plist */ = {isa = PBXFileReference; lastKnownFileType = text.plist.xml; path = Info.plist; sourceTree = "<group>"; };
		6075D7671A330083004CC8CE /* Age_of_LaikaTests.swift */ = {isa = PBXFileReference; lastKnownFileType = sourcecode.swift; path = Age_of_LaikaTests.swift; sourceTree = "<group>"; };
		6075D7711A334C61004CC8CE /* AgeOfLaika.jpg */ = {isa = PBXFileReference; lastKnownFileType = image.jpeg; path = AgeOfLaika.jpg; sourceTree = "<group>"; };
/* End PBXFileReference section */

/* Begin PBXFrameworksBuildPhase section */
		6075D7491A330082004CC8CE /* Frameworks */ = {
			isa = PBXFrameworksBuildPhase;
			buildActionMask = 2147483647;
			files = (
			);
			runOnlyForDeploymentPostprocessing = 0;
		};
		6075D75E1A330083004CC8CE /* Frameworks */ = {
			isa = PBXFrameworksBuildPhase;
			buildActionMask = 2147483647;
			files = (
			);
			runOnlyForDeploymentPostprocessing = 0;
		};
/* End PBXFrameworksBuildPhase section */

/* Begin PBXGroup section */
		6075D7431A330081004CC8CE = {
			isa = PBXGroup;
			children = (
				6075D74E1A330082004CC8CE /* Age of Laika */,
				6075D7641A330083004CC8CE /* Age of LaikaTests */,
				6075D74D1A330082004CC8CE /* Products */,
			);
			sourceTree = "<group>";
		};
		6075D74D1A330082004CC8CE /* Products */ = {
			isa = PBXGroup;
			children = (
				6075D74C1A330082004CC8CE /* Age of Laika.app */,
				6075D7611A330083004CC8CE /* Age of LaikaTests.xctest */,
			);
			name = Products;
			sourceTree = "<group>";
		};
		6075D74E1A330082004CC8CE /* Age of Laika */ = {
			isa = PBXGroup;
			children = (
				6075D7511A330082004CC8CE /* AppDelegate.swift */,
				6075D7531A330082004CC8CE /* ViewController.swift */,
				6075D7551A330082004CC8CE /* Main.storyboard */,
				6075D7581A330083004CC8CE /* Images.xcassets */,
				6075D7711A334C61004CC8CE /* AgeOfLaika.jpg */,
				6075D75A1A330083004CC8CE /* LaunchScreen.xib */,
				6075D74F1A330082004CC8CE /* Supporting Files */,
			);
			path = "Age of Laika";
			sourceTree = "<group>";
		};
		6075D74F1A330082004CC8CE /* Supporting Files */ = {
			isa = PBXGroup;
			children = (
				6075D7501A330082004CC8CE /* Info.plist */,
			);
			name = "Supporting Files";
			sourceTree = "<group>";
		};
		6075D7641A330083004CC8CE /* Age of LaikaTests */ = {
			isa = PBXGroup;
			children = (
				6075D7671A330083004CC8CE /* Age_of_LaikaTests.swift */,
				6075D7651A330083004CC8CE /* Supporting Files */,
			);
			path = "Age of LaikaTests";
			sourceTree = "<group>";
		};
		6075D7651A330083004CC8CE /* Supporting Files */ = {
			isa = PBXGroup;
			children = (
				6075D7661A330083004CC8CE /* Info.plist */,
			);
			name = "Supporting Files";
			sourceTree = "<group>";
		};
/* End PBXGroup section */

/* Begin PBXNativeTarget section */
		6075D74B1A330082004CC8CE /* Age of Laika */ = {
			isa = PBXNativeTarget;
			buildConfigurationList = 6075D76B1A330083004CC8CE /* Build configuration list for PBXNativeTarget "Age of Laika" */;
			buildPhases = (
				6075D7481A330082004CC8CE /* Sources */,
				6075D7491A330082004CC8CE /* Frameworks */,
				6075D74A1A330082004CC8CE /* Resources */,
			);
			buildRules = (
			);
			dependencies = (
			);
			name = "Age of Laika";
			productName = "Age of Laika";
			productReference = 6075D74C1A330082004CC8CE /* Age of Laika.app */;
			productType = "com.apple.product-type.application";
		};
		6075D7601A330083004CC8CE /* Age of LaikaTests */ = {
			isa = PBXNativeTarget;
			buildConfigurationList = 6075D76E1A330083004CC8CE /* Build configuration list for PBXNativeTarget "Age of LaikaTests" */;
			buildPhases = (
				6075D75D1A330083004CC8CE /* Sources */,
				6075D75E1A330083004CC8CE /* Frameworks */,
				6075D75F1A330083004CC8CE /* Resources */,
			);
			buildRules = (
			);
			dependencies = (
				6075D7631A330083004CC8CE /* PBXTargetDependency */,
			);
			name = "Age of LaikaTests";
			productName = "Age of LaikaTests";
			productReference = 6075D7611A330083004CC8CE /* Age of LaikaTests.xctest */;
			productType = "com.apple.product-type.bundle.unit-test";
		};
/* End PBXNativeTarget section */

/* Begin PBXProject section */
		6075D7441A330081004CC8CE /* Project object */ = {
			isa = PBXProject;
			attributes = {
				LastUpgradeCheck = 0610;
				ORGANIZATIONNAME = kunhsiang;
				TargetAttributes = {
					6075D74B1A330082004CC8CE = {
						CreatedOnToolsVersion = 6.1.1;
					};
					6075D7601A330083004CC8CE = {
						CreatedOnToolsVersion = 6.1.1;
						TestTargetID = 6075D74B1A330082004CC8CE;
					};
				};
			};
			buildConfigurationList = 6075D7471A330081004CC8CE /* Build configuration list for PBXProject "Age of Laika" */;
			compatibilityVersion = "Xcode 3.2";
			developmentRegion = English;
			hasScannedForEncodings = 0;
			knownRegions = (
				en,
				Base,
			);
			mainGroup = 6075D7431A330081004CC8CE;
			productRefGroup = 6075D74D1A330082004CC8CE /* Products */;
			projectDirPath = "";
			projectRoot = "";
			targets = (
				6075D74B1A330082004CC8CE /* Age of Laika */,
				6075D7601A330083004CC8CE /* Age of LaikaTests */,
			);
		};
/* End PBXProject section */

/* Begin PBXResourcesBuildPhase section */
		6075D74A1A330082004CC8CE /* Resources */ = {
			isa = PBXResourcesBuildPhase;
			buildActionMask = 2147483647;
			files = (
				6075D7571A330082004CC8CE /* Main.storyboard in Resources */,
				6075D7721A334C61004CC8CE /* AgeOfLaika.jpg in Resources */,
				6075D75C1A330083004CC8CE /* LaunchScreen.xib in Resources */,
				6075D7591A330083004CC8CE /* Images.xcassets in Resources */,
			);
			runOnlyForDeploymentPostprocessing = 0;
		};
		6075D75F1A330083004CC8CE /* Resources */ = {
			isa = PBXResourcesBuildPhase;
			buildActionMask = 2147483647;
			files = (
			);
			runOnlyForDeploymentPostprocessing = 0;
		};
/* End PBXResourcesBuildPhase section */

/* Begin PBXSourcesBuildPhase section */
		6075D7481A330082004CC8CE /* Sources */ = {
			isa = PBXSourcesBuildPhase;
			buildActionMask = 2147483647;
			files = (
				6075D7541A330082004CC8CE /* ViewController.swift in Sources */,
				6075D7521A330082004CC8CE /* AppDelegate.swift in Sources */,
			);
			runOnlyForDeploymentPostprocessing = 0;
		};
		6075D75D1A330083004CC8CE /* Sources */ = {
			isa = PBXSourcesBuildPhase;
			buildActionMask = 2147483647;
			files = (
				6075D7681A330083004CC8CE /* Age_of_LaikaTests.swift in Sources */,
			);
			runOnlyForDeploymentPostprocessing = 0;
		};
/* End PBXSourcesBuildPhase section */

/* Begin PBXTargetDependency section */
		6075D7631A330083004CC8CE /* PBXTargetDependency */ = {
			isa = PBXTargetDependency;
			target = 6075D74B1A330082004CC8CE /* Age of Laika */;
			targetProxy = 6075D7621A330083004CC8CE /* PBXContainerItemProxy */;
		};
/* End PBXTargetDependency section */

/* Begin PBXVariantGroup section */
		6075D7551A330082004CC8CE /* Main.storyboard */ = {
			isa = PBXVariantGroup;
			children = (
				6075D7561A330082004CC8CE /* Base */,
			);
			name = Main.storyboard;
			sourceTree = "<group>";
		};
		6075D75A1A330083004CC8CE /* LaunchScreen.xib */ = {
			isa = PBXVariantGroup;
			children = (
				6075D75B1A330083004CC8CE /* Base */,
			);
			name = LaunchScreen.xib;
			sourceTree = "<group>";
		};
/* End PBXVariantGroup section */

/* Begin XCBuildConfiguration section */
		6075D7691A330083004CC8CE /* Debug */ = {
			isa = XCBuildConfiguration;
			buildSettings = {
				ALWAYS_SEARCH_USER_PATHS = NO;
				CLANG_CXX_LANGUAGE_STANDARD = "gnu++0x";
				CLANG_CXX_LIBRARY = "libc++";
				CLANG_ENABLE_MODULES = YES;
				CLANG_ENABLE_OBJC_ARC = YES;
				CLANG_WARN_BOOL_CONVERSION = YES;
				CLANG_WARN_CONSTANT_CONVERSION = YES;
				CLANG_WARN_DIRECT_OBJC_ISA_USAGE = YES_ERROR;
				CLANG_WARN_EMPTY_BODY = YES;
				CLANG_WARN_ENUM_CONVERSION = YES;
				CLANG_WARN_INT_CONVERSION = YES;
				CLANG_WARN_OBJC_ROOT_CLASS = YES_ERROR;
				CLANG_WARN_UNREACHABLE_CODE = YES;
				CLANG_WARN__DUPLICATE_METHOD_MATCH = YES;
				"CODE_SIGN_IDENTITY[sdk=iphoneos*]" = "iPhone Developer";
				COPY_PHASE_STRIP = NO;
				ENABLE_STRICT_OBJC_MSGSEND = YES;
				GCC_C_LANGUAGE_STANDARD = gnu99;
				GCC_DYNAMIC_NO_PIC = NO;
				GCC_OPTIMIZATION_LEVEL = 0;
				GCC_PREPROCESSOR_DEFINITIONS = (
					"DEBUG=1",
					"$(inherited)",
				);
				GCC_SYMBOLS_PRIVATE_EXTERN = NO;
				GCC_WARN_64_TO_32_BIT_CONVERSION = YES;
				GCC_WARN_ABOUT_RETURN_TYPE = YES_ERROR;
				GCC_WARN_UNDECLARED_SELECTOR = YES;
				GCC_WARN_UNINITIALIZED_AUTOS = YES_AGGRESSIVE;
				GCC_WARN_UNUSED_FUNCTION = YES;
				GCC_WARN_UNUSED_VARIABLE = YES;
				IPHONEOS_DEPLOYMENT_TARGET = 8.1;
				MTL_ENABLE_DEBUG_INFO = YES;
				ONLY_ACTIVE_ARCH = YES;
				SDKROOT = iphoneos;
				SWIFT_OPTIMIZATION_LEVEL = "-Onone";
				TARGETED_DEVICE_FAMILY = "1,2";
			};
			name = Debug;
		};
		6075D76A1A330083004CC8CE /* Release */ = {
			isa = XCBuildConfiguration;
			buildSettings = {
				ALWAYS_SEARCH_USER_PATHS = NO;
				CLANG_CXX_LANGUAGE_STANDARD = "gnu++0x";
				CLANG_CXX_LIBRARY = "libc++";
				CLANG_ENABLE_MODULES = YES;
				CLANG_ENABLE_OBJC_ARC = YES;
				CLANG_WARN_BOOL_CONVERSION = YES;
				CLANG_WARN_CONSTANT_CONVERSION = YES;
				CLANG_WARN_DIRECT_OBJC_ISA_USAGE = YES_ERROR;
				CLANG_WARN_EMPTY_BODY = YES;
				CLANG_WARN_ENUM_CONVERSION = YES;
				CLANG_WARN_INT_CONVERSION = YES;
				CLANG_WARN_OBJC_ROOT_CLASS = YES_ERROR;
				CLANG_WARN_UNREACHABLE_CODE = YES;
				CLANG_WARN__DUPLICATE_METHOD_MATCH = YES;
				"CODE_SIGN_IDENTITY[sdk=iphoneos*]" = "iPhone Developer";
				COPY_PHASE_STRIP = YES;
				ENABLE_NS_ASSERTIONS = NO;
				ENABLE_STRICT_OBJC_MSGSEND = YES;
				GCC_C_LANGUAGE_STANDARD = gnu99;
				GCC_WARN_64_TO_32_BIT_CONVERSION = YES;
				GCC_WARN_ABOUT_RETURN_TYPE = YES_ERROR;
				GCC_WARN_UNDECLARED_SELECTOR = YES;
				GCC_WARN_UNINITIALIZED_AUTOS = YES_AGGRESSIVE;
				GCC_WARN_UNUSED_FUNCTION = YES;
				GCC_WARN_UNUSED_VARIABLE = YES;
				IPHONEOS_DEPLOYMENT_TARGET = 8.1;
				MTL_ENABLE_DEBUG_INFO = NO;
				SDKROOT = iphoneos;
				TARGETED_DEVICE_FAMILY = "1,2";
				VALIDATE_PRODUCT = YES;
			};
			name = Release;
		};
		6075D76C1A330083004CC8CE /* Debug */ = {
			isa = XCBuildConfiguration;
			buildSettings = {
				ASSETCATALOG_COMPILER_APPICON_NAME = AppIcon;
				INFOPLIST_FILE = "Age of Laika/Info.plist";
				LD_RUNPATH_SEARCH_PATHS = "$(inherited) @executable_path/Frameworks";
				PRODUCT_NAME = "$(TARGET_NAME)";
			};
			name = Debug;
		};
		6075D76D1A330083004CC8CE /* Release */ = {
			isa = XCBuildConfiguration;
			buildSettings = {
				ASSETCATALOG_COMPILER_APPICON_NAME = AppIcon;
				INFOPLIST_FILE = "Age of Laika/Info.plist";
				LD_RUNPATH_SEARCH_PATHS = "$(inherited) @executable_path/Frameworks";
				PRODUCT_NAME = "$(TARGET_NAME)";
			};
			name = Release;
		};
		6075D76F1A330083004CC8CE /* Debug */ = {
			isa = XCBuildConfiguration;
			buildSettings = {
				BUNDLE_LOADER = "$(TEST_HOST)";
				FRAMEWORK_SEARCH_PATHS = (
					"$(SDKROOT)/Developer/Library/Frameworks",
					"$(inherited)",
				);
				GCC_PREPROCESSOR_DEFINITIONS = (
					"DEBUG=1",
					"$(inherited)",
				);
				INFOPLIST_FILE = "Age of LaikaTests/Info.plist";
				LD_RUNPATH_SEARCH_PATHS = "$(inherited) @executable_path/Frameworks @loader_path/Frameworks";
				PRODUCT_NAME = "$(TARGET_NAME)";
				TEST_HOST = "$(BUILT_PRODUCTS_DIR)/Age of Laika.app/Age of Laika";
			};
			name = Debug;
		};
		6075D7701A330083004CC8CE /* Release */ = {
			isa = XCBuildConfiguration;
			buildSettings = {
				BUNDLE_LOADER = "$(TEST_HOST)";
				FRAMEWORK_SEARCH_PATHS = (
					"$(SDKROOT)/Developer/Library/Frameworks",
					"$(inherited)",
				);
				INFOPLIST_FILE = "Age of LaikaTests/Info.plist";
				LD_RUNPATH_SEARCH_PATHS = "$(inherited) @executable_path/Frameworks @loader_path/Frameworks";
				PRODUCT_NAME = "$(TARGET_NAME)";
				TEST_HOST = "$(BUILT_PRODUCTS_DIR)/Age of Laika.app/Age of Laika";
			};
			name = Release;
		};
/* End XCBuildConfiguration section */

/* Begin XCConfigurationList section */
		6075D7471A330081004CC8CE /* Build configuration list for PBXProject "Age of Laika" */ = {
			isa = XCConfigurationList;
			buildConfigurations = (
				6075D7691A330083004CC8CE /* Debug */,
				6075D76A1A330083004CC8CE /* Release */,
			);
			defaultConfigurationIsVisible = 0;
			defaultConfigurationName = Release;
		};
		6075D76B1A330083004CC8CE /* Build configuration list for PBXNativeTarget "Age of Laika" */ = {
			isa = XCConfigurationList;
			buildConfigurations = (
				6075D76C1A330083004CC8CE /* Debug */,
				6075D76D1A330083004CC8CE /* Release */,
			);
			defaultConfigurationIsVisible = 0;
		};
		6075D76E1A330083004CC8CE /* Build configuration list for PBXNativeTarget "Age of LaikaTests" */ = {
			isa = XCConfigurationList;
			buildConfigurations = (
				6075D76F1A330083004CC8CE /* Debug */,
				6075D7701A330083004CC8CE /* Release */,
			);
			defaultConfigurationIsVisible = 0;
		};
/* End XCConfigurationList section */
	};
	rootObject = 6075D7441A330081004CC8CE /* Project object */;
}
